
Microsoft Visual Studio Solution File, Format Version 12.00
# Visual Studio Version 17
VisualStudioVersion = 17.11.35327.3
MinimumVisualStudioVersion = 10.0.40219.1
Project("{9A19103F-16F7-4668-BE54-9A1E7A4F7556}") = "Lab_3", "Lab_3\Lab_3.csproj", "{CDFD4B88-B7CB-4E2E-B791-D8343BB050F6}"
EndProject
Project("{FAE04EC0-301F-11D3-BF4B-00C04F79EFBC}") = "Lab_3.Tests", "Lab_3.Tests\Lab_3.Tests.csproj", "{8350AD10-6B64-4674-B009-6738BA289E46}"
EndProject
Global
	GlobalSection(SolutionConfigurationPlatforms) = preSolution
		Debug|Any CPU = Debug|Any CPU
		Release|Any CPU = Release|Any CPU
	EndGlobalSection
	GlobalSection(ProjectConfigurationPlatforms) = postSolution
		{CDFD4B88-B7CB-4E2E-B791-D8343BB050F6}.Debug|Any CPU.ActiveCfg = Debug|Any CPU
		{CDFD4B88-B7CB-4E2E-B791-D8343BB050F6}.Debug|Any CPU.Build.0 = Debug|Any CPU
		{CDFD4B88-B7CB-4E2E-B791-D8343BB050F6}.Release|Any CPU.ActiveCfg = Release|Any CPU
		{CDFD4B88-B7CB-4E2E-B791-D8343BB050F6}.Release|Any CPU.Build.0 = Release|Any CPU
		{8350AD10-6B64-4674-B009-6738BA289E46}.Debug|Any CPU.ActiveCfg = Debug|Any CPU
		{8350AD10-6B64-4674-B009-6738BA289E46}.Debug|Any CPU.Build.0 = Debug|Any CPU
		{8350AD10-6B64-4674-B009-6738BA289E46}.Release|Any CPU.ActiveCfg = Release|Any CPU
		{8350AD10-6B64-4674-B009-6738BA289E46}.Release|Any CPU.Build.0 = Release|Any CPU
	EndGlobalSection
	GlobalSection(SolutionProperties) = preSolution
		HideSolutionNode = FALSE
	EndGlobalSection
	GlobalSection(ExtensibilityGlobals) = postSolution
		SolutionGuid = {81E1CD5D-3AC8-4A3A-9DB6-DDA71DE46D7F}
	EndGlobalSection
EndGlobal
