
Microsoft Visual Studio Solution File, Format Version 12.00
# Visual Studio Version 17
VisualStudioVersion = 17.11.35327.3
MinimumVisualStudioVersion = 10.0.40219.1
Project("{9A19103F-16F7-4668-BE54-9A1E7A4F7556}") = "Lab_1.Tests", "Lab_1.Tests.csproj", "{19E07D12-0088-4214-9C15-EC9B5006A082}"
EndProject
Project("{9A19103F-16F7-4668-BE54-9A1E7A4F7556}") = "Lab_1", "..\Lab_1\Lab_1.csproj", "{57106285-E4CF-4ED7-9DA5-D412EB13F1CA}"
EndProject
Global
	GlobalSection(SolutionConfigurationPlatforms) = preSolution
		Debug|Any CPU = Debug|Any CPU
		Release|Any CPU = Release|Any CPU
	EndGlobalSection
	GlobalSection(ProjectConfigurationPlatforms) = postSolution
		{19E07D12-0088-4214-9C15-EC9B5006A082}.Debug|Any CPU.ActiveCfg = Debug|Any CPU
		{19E07D12-0088-4214-9C15-EC9B5006A082}.Debug|Any CPU.Build.0 = Debug|Any CPU
		{19E07D12-0088-4214-9C15-EC9B5006A082}.Release|Any CPU.ActiveCfg = Release|Any CPU
		{19E07D12-0088-4214-9C15-EC9B5006A082}.Release|Any CPU.Build.0 = Release|Any CPU
		{57106285-E4CF-4ED7-9DA5-D412EB13F1CA}.Debug|Any CPU.ActiveCfg = Debug|Any CPU
		{57106285-E4CF-4ED7-9DA5-D412EB13F1CA}.Debug|Any CPU.Build.0 = Debug|Any CPU
		{57106285-E4CF-4ED7-9DA5-D412EB13F1CA}.Release|Any CPU.ActiveCfg = Release|Any CPU
		{57106285-E4CF-4ED7-9DA5-D412EB13F1CA}.Release|Any CPU.Build.0 = Release|Any CPU
	EndGlobalSection
	GlobalSection(SolutionProperties) = preSolution
		HideSolutionNode = FALSE
	EndGlobalSection
	GlobalSection(ExtensibilityGlobals) = postSolution
		SolutionGuid = {B4676D0F-F3D6-4D68-AAFF-07B895869710}
	EndGlobalSection
EndGlobal
