
Microsoft Visual Studio Solution File, Format Version 12.00
# Visual Studio Version 17
VisualStudioVersion = 17.11.35327.3
MinimumVisualStudioVersion = 10.0.40219.1
Project("{FAE04EC0-301F-11D3-BF4B-00C04F79EFBC}") = "Lab_5.WebApp", "Lab_5.WebApp.csproj", "{439391BE-EF96-4B8A-AD3A-983AF0DB3E41}"
EndProject
Project("{9A19103F-16F7-4668-BE54-9A1E7A4F7556}") = "Lab_5.Library", "..\Lab_5.Library\Lab_5.Library.csproj", "{BE4BE05B-6EFE-4EA0-8A58-FD7C664999E2}"
EndProject
Global
	GlobalSection(SolutionConfigurationPlatforms) = preSolution
		Debug|Any CPU = Debug|Any CPU
		Release|Any CPU = Release|Any CPU
	EndGlobalSection
	GlobalSection(ProjectConfigurationPlatforms) = postSolution
		{439391BE-EF96-4B8A-AD3A-983AF0DB3E41}.Debug|Any CPU.ActiveCfg = Debug|Any CPU
		{439391BE-EF96-4B8A-AD3A-983AF0DB3E41}.Debug|Any CPU.Build.0 = Debug|Any CPU
		{439391BE-EF96-4B8A-AD3A-983AF0DB3E41}.Release|Any CPU.ActiveCfg = Release|Any CPU
		{439391BE-EF96-4B8A-AD3A-983AF0DB3E41}.Release|Any CPU.Build.0 = Release|Any CPU
		{BE4BE05B-6EFE-4EA0-8A58-FD7C664999E2}.Debug|Any CPU.ActiveCfg = Debug|Any CPU
		{BE4BE05B-6EFE-4EA0-8A58-FD7C664999E2}.Debug|Any CPU.Build.0 = Debug|Any CPU
		{BE4BE05B-6EFE-4EA0-8A58-FD7C664999E2}.Release|Any CPU.ActiveCfg = Release|Any CPU
		{BE4BE05B-6EFE-4EA0-8A58-FD7C664999E2}.Release|Any CPU.Build.0 = Release|Any CPU
	EndGlobalSection
	GlobalSection(SolutionProperties) = preSolution
		HideSolutionNode = FALSE
	EndGlobalSection
	GlobalSection(ExtensibilityGlobals) = postSolution
		SolutionGuid = {BA43D92B-34EF-4F86-8ABF-F7FA2E23F2AC}
	EndGlobalSection
EndGlobal
